// !$*UTF8*$!
{
	archiveVersion = 1;
	classes = {
	};
	objectVersion = 56;
	objects = {

/* Begin PBXBuildFile section */
		36093B3C2B4C674D00D88182 /* MoziApp.swift in Sources */ = {isa = PBXBuildFile; fileRef = 36093B3B2B4C674D00D88182 /* MoziApp.swift */; };
		36093B3E2B4C674D00D88182 /* ContentView.swift in Sources */ = {isa = PBXBuildFile; fileRef = 36093B3D2B4C674D00D88182 /* ContentView.swift */; };
		36093B402B4C674E00D88182 /* Assets.xcassets in Resources */ = {isa = PBXBuildFile; fileRef = 36093B3F2B4C674E00D88182 /* Assets.xcassets */; };
		36093B432B4C674E00D88182 /* Preview Assets.xcassets in Resources */ = {isa = PBXBuildFile; fileRef = 36093B422B4C674E00D88182 /* Preview Assets.xcassets */; };
		36093B4D2B4C674E00D88182 /* MoziTests.swift in Sources */ = {isa = PBXBuildFile; fileRef = 36093B4C2B4C674E00D88182 /* MoziTests.swift */; };
		36093B572B4C674E00D88182 /* MoziUITests.swift in Sources */ = {isa = PBXBuildFile; fileRef = 36093B562B4C674E00D88182 /* MoziUITests.swift */; };
		36093B592B4C674E00D88182 /* MoziUITestsLaunchTests.swift in Sources */ = {isa = PBXBuildFile; fileRef = 36093B582B4C674E00D88182 /* MoziUITestsLaunchTests.swift */; };
/* End PBXBuildFile section */

/* Begin PBXContainerItemProxy section */
		36093B492B4C674E00D88182 /* PBXContainerItemProxy */ = {
			isa = PBXContainerItemProxy;
			containerPortal = 36093B302B4C674D00D88182 /* Project object */;
			proxyType = 1;
			remoteGlobalIDString = 36093B372B4C674D00D88182;
			remoteInfo = Mozi;
		};
		36093B532B4C674E00D88182 /* PBXContainerItemProxy */ = {
			isa = PBXContainerItemProxy;
			containerPortal = 36093B302B4C674D00D88182 /* Project object */;
			proxyType = 1;
			remoteGlobalIDString = 36093B372B4C674D00D88182;
			remoteInfo = Mozi;
		};
/* End PBXContainerItemProxy section */

/* Begin PBXFileReference section */
		36093B382B4C674D00D88182 /* Mozi.app */ = {isa = PBXFileReference; explicitFileType = wrapper.application; includeInIndex = 0; path = Mozi.app; sourceTree = BUILT_PRODUCTS_DIR; };
		36093B3B2B4C674D00D88182 /* MoziApp.swift */ = {isa = PBXFileReference; lastKnownFileType = sourcecode.swift; path = MoziApp.swift; sourceTree = "<group>"; };
		36093B3D2B4C674D00D88182 /* ContentView.swift */ = {isa = PBXFileReference; lastKnownFileType = sourcecode.swift; path = ContentView.swift; sourceTree = "<group>"; };
		36093B3F2B4C674E00D88182 /* Assets.xcassets */ = {isa = PBXFileReference; lastKnownFileType = folder.assetcatalog; path = Assets.xcassets; sourceTree = "<group>"; };
		36093B422B4C674E00D88182 /* Preview Assets.xcassets */ = {isa = PBXFileReference; lastKnownFileType = folder.assetcatalog; path = "Preview Assets.xcassets"; sourceTree = "<group>"; };
		36093B482B4C674E00D88182 /* MoziTests.xctest */ = {isa = PBXFileReference; explicitFileType = wrapper.cfbundle; includeInIndex = 0; path = MoziTests.xctest; sourceTree = BUILT_PRODUCTS_DIR; };
		36093B4C2B4C674E00D88182 /* MoziTests.swift */ = {isa = PBXFileReference; lastKnownFileType = sourcecode.swift; path = MoziTests.swift; sourceTree = "<group>"; };
		36093B522B4C674E00D88182 /* MoziUITests.xctest */ = {isa = PBXFileReference; explicitFileType = wrapper.cfbundle; includeInIndex = 0; path = MoziUITests.xctest; sourceTree = BUILT_PRODUCTS_DIR; };
		36093B562B4C674E00D88182 /* MoziUITests.swift */ = {isa = PBXFileReference; lastKnownFileType = sourcecode.swift; path = MoziUITests.swift; sourceTree = "<group>"; };
		36093B582B4C674E00D88182 /* MoziUITestsLaunchTests.swift */ = {isa = PBXFileReference; lastKnownFileType = sourcecode.swift; path = MoziUITestsLaunchTests.swift; sourceTree = "<group>"; };
/* End PBXFileReference section */

/* Begin PBXFrameworksBuildPhase section */
		36093B352B4C674D00D88182 /* Frameworks */ = {
			isa = PBXFrameworksBuildPhase;
			buildActionMask = 2147483647;
			files = (
			);
			runOnlyForDeploymentPostprocessing = 0;
		};
		36093B452B4C674E00D88182 /* Frameworks */ = {
			isa = PBXFrameworksBuildPhase;
			buildActionMask = 2147483647;
			files = (
			);
			runOnlyForDeploymentPostprocessing = 0;
		};
		36093B4F2B4C674E00D88182 /* Frameworks */ = {
			isa = PBXFrameworksBuildPhase;
			buildActionMask = 2147483647;
			files = (
			);
			runOnlyForDeploymentPostprocessing = 0;
		};
/* End PBXFrameworksBuildPhase section */

/* Begin PBXGroup section */
		36093B2F2B4C674D00D88182 = {
			isa = PBXGroup;
			children = (
				36093B3A2B4C674D00D88182 /* Mozi */,
				36093B4B2B4C674E00D88182 /* MoziTests */,
				36093B552B4C674E00D88182 /* MoziUITests */,
				36093B392B4C674D00D88182 /* Products */,
			);
			sourceTree = "<group>";
		};
		36093B392B4C674D00D88182 /* Products */ = {
			isa = PBXGroup;
			children = (
				36093B382B4C674D00D88182 /* Mozi.app */,
				36093B482B4C674E00D88182 /* MoziTests.xctest */,
				36093B522B4C674E00D88182 /* MoziUITests.xctest */,
			);
			name = Products;
			sourceTree = "<group>";
		};
		36093B3A2B4C674D00D88182 /* Mozi */ = {
			isa = PBXGroup;
			children = (
				36093B3B2B4C674D00D88182 /* MoziApp.swift */,
				36093B3D2B4C674D00D88182 /* ContentView.swift */,
				36093B3F2B4C674E00D88182 /* Assets.xcassets */,
				36093B412B4C674E00D88182 /* Preview Content */,
			);
			path = Mozi;
			sourceTree = "<group>";
		};
		36093B412B4C674E00D88182 /* Preview Content */ = {
			isa = PBXGroup;
			children = (
				36093B422B4C674E00D88182 /* Preview Assets.xcassets */,
			);
			path = "Preview Content";
			sourceTree = "<group>";
		};
		36093B4B2B4C674E00D88182 /* MoziTests */ = {
			isa = PBXGroup;
			children = (
				36093B4C2B4C674E00D88182 /* MoziTests.swift */,
			);
			path = MoziTests;
			sourceTree = "<group>";
		};
		36093B552B4C674E00D88182 /* MoziUITests */ = {
			isa = PBXGroup;
			children = (
				36093B562B4C674E00D88182 /* MoziUITests.swift */,
				36093B582B4C674E00D88182 /* MoziUITestsLaunchTests.swift */,
			);
			path = MoziUITests;
			sourceTree = "<group>";
		};
/* End PBXGroup section */

/* Begin PBXNativeTarget section */
		36093B372B4C674D00D88182 /* Mozi */ = {
			isa = PBXNativeTarget;
			buildConfigurationList = 36093B5C2B4C674E00D88182 /* Build configuration list for PBXNativeTarget "Mozi" */;
			buildPhases = (
				36093B342B4C674D00D88182 /* Sources */,
				36093B352B4C674D00D88182 /* Frameworks */,
				36093B362B4C674D00D88182 /* Resources */,
			);
			buildRules = (
			);
			dependencies = (
			);
			name = Mozi;
			productName = Mozi;
			productReference = 36093B382B4C674D00D88182 /* Mozi.app */;
			productType = "com.apple.product-type.application";
		};
		36093B472B4C674E00D88182 /* MoziTests */ = {
			isa = PBXNativeTarget;
			buildConfigurationList = 36093B5F2B4C674E00D88182 /* Build configuration list for PBXNativeTarget "MoziTests" */;
			buildPhases = (
				36093B442B4C674E00D88182 /* Sources */,
				36093B452B4C674E00D88182 /* Frameworks */,
				36093B462B4C674E00D88182 /* Resources */,
			);
			buildRules = (
			);
			dependencies = (
				36093B4A2B4C674E00D88182 /* PBXTargetDependency */,
			);
			name = MoziTests;
			productName = MoziTests;
			productReference = 36093B482B4C674E00D88182 /* MoziTests.xctest */;
			productType = "com.apple.product-type.bundle.unit-test";
		};
		36093B512B4C674E00D88182 /* MoziUITests */ = {
			isa = PBXNativeTarget;
			buildConfigurationList = 36093B622B4C674E00D88182 /* Build configuration list for PBXNativeTarget "MoziUITests" */;
			buildPhases = (
				36093B4E2B4C674E00D88182 /* Sources */,
				36093B4F2B4C674E00D88182 /* Frameworks */,
				36093B502B4C674E00D88182 /* Resources */,
			);
			buildRules = (
			);
			dependencies = (
				36093B542B4C674E00D88182 /* PBXTargetDependency */,
			);
			name = MoziUITests;
			productName = MoziUITests;
			productReference = 36093B522B4C674E00D88182 /* MoziUITests.xctest */;
			productType = "com.apple.product-type.bundle.ui-testing";
		};
/* End PBXNativeTarget section */

/* Begin PBXProject section */
		36093B302B4C674D00D88182 /* Project object */ = {
			isa = PBXProject;
			attributes = {
				BuildIndependentTargetsInParallel = 1;
				LastSwiftUpdateCheck = 1510;
				LastUpgradeCheck = 1510;
				TargetAttributes = {
					36093B372B4C674D00D88182 = {
						CreatedOnToolsVersion = 15.1;
					};
					36093B472B4C674E00D88182 = {
						CreatedOnToolsVersion = 15.1;
						TestTargetID = 36093B372B4C674D00D88182;
					};
					36093B512B4C674E00D88182 = {
						CreatedOnToolsVersion = 15.1;
						TestTargetID = 36093B372B4C674D00D88182;
					};
				};
			};
			buildConfigurationList = 36093B332B4C674D00D88182 /* Build configuration list for PBXProject "Mozi" */;
			compatibilityVersion = "Xcode 14.0";
			developmentRegion = en;
			hasScannedForEncodings = 0;
			knownRegions = (
				en,
				Base,
			);
			mainGroup = 36093B2F2B4C674D00D88182;
			productRefGroup = 36093B392B4C674D00D88182 /* Products */;
			projectDirPath = "";
			projectRoot = "";
			targets = (
				36093B372B4C674D00D88182 /* Mozi */,
				36093B472B4C674E00D88182 /* MoziTests */,
				36093B512B4C674E00D88182 /* MoziUITests */,
			);
		};
/* End PBXProject section */

/* Begin PBXResourcesBuildPhase section */
		36093B362B4C674D00D88182 /* Resources */ = {
			isa = PBXResourcesBuildPhase;
			buildActionMask = 2147483647;
			files = (
				36093B432B4C674E00D88182 /* Preview Assets.xcassets in Resources */,
				36093B402B4C674E00D88182 /* Assets.xcassets in Resources */,
			);
			runOnlyForDeploymentPostprocessing = 0;
		};
		36093B462B4C674E00D88182 /* Resources */ = {
			isa = PBXResourcesBuildPhase;
			buildActionMask = 2147483647;
			files = (
			);
			runOnlyForDeploymentPostprocessing = 0;
		};
		36093B502B4C674E00D88182 /* Resources */ = {
			isa = PBXResourcesBuildPhase;
			buildActionMask = 2147483647;
			files = (
			);
			runOnlyForDeploymentPostprocessing = 0;
		};
/* End PBXResourcesBuildPhase section */

/* Begin PBXSourcesBuildPhase section */
		36093B342B4C674D00D88182 /* Sources */ = {
			isa = PBXSourcesBuildPhase;
			buildActionMask = 2147483647;
			files = (
				36093B3E2B4C674D00D88182 /* ContentView.swift in Sources */,
				36093B3C2B4C674D00D88182 /* MoziApp.swift in Sources */,
			);
			runOnlyForDeploymentPostprocessing = 0;
		};
		36093B442B4C674E00D88182 /* Sources */ = {
			isa = PBXSourcesBuildPhase;
			buildActionMask = 2147483647;
			files = (
				36093B4D2B4C674E00D88182 /* MoziTests.swift in Sources */,
			);
			runOnlyForDeploymentPostprocessing = 0;
		};
		36093B4E2B4C674E00D88182 /* Sources */ = {
			isa = PBXSourcesBuildPhase;
			buildActionMask = 2147483647;
			files = (
				36093B572B4C674E00D88182 /* MoziUITests.swift in Sources */,
				36093B592B4C674E00D88182 /* MoziUITestsLaunchTests.swift in Sources */,
			);
			runOnlyForDeploymentPostprocessing = 0;
		};
/* End PBXSourcesBuildPhase section */

/* Begin PBXTargetDependency section */
		36093B4A2B4C674E00D88182 /* PBXTargetDependency */ = {
			isa = PBXTargetDependency;
			target = 36093B372B4C674D00D88182 /* Mozi */;
			targetProxy = 36093B492B4C674E00D88182 /* PBXContainerItemProxy */;
		};
		36093B542B4C674E00D88182 /* PBXTargetDependency */ = {
			isa = PBXTargetDependency;
			target = 36093B372B4C674D00D88182 /* Mozi */;
			targetProxy = 36093B532B4C674E00D88182 /* PBXContainerItemProxy */;
		};
/* End PBXTargetDependency section */

/* Begin XCBuildConfiguration section */
		36093B5A2B4C674E00D88182 /* Debug */ = {
			isa = XCBuildConfiguration;
			buildSettings = {
				ALWAYS_SEARCH_USER_PATHS = NO;
				ASSETCATALOG_COMPILER_GENERATE_SWIFT_ASSET_SYMBOL_EXTENSIONS = YES;
				CLANG_ANALYZER_NONNULL = YES;
				CLANG_ANALYZER_NUMBER_OBJECT_CONVERSION = YES_AGGRESSIVE;
				CLANG_CXX_LANGUAGE_STANDARD = "gnu++20";
				CLANG_ENABLE_MODULES = YES;
				CLANG_ENABLE_OBJC_ARC = YES;
				CLANG_ENABLE_OBJC_WEAK = YES;
				CLANG_WARN_BLOCK_CAPTURE_AUTORELEASING = YES;
				CLANG_WARN_BOOL_CONVERSION = YES;
				CLANG_WARN_COMMA = YES;
				CLANG_WARN_CONSTANT_CONVERSION = YES;
				CLANG_WARN_DEPRECATED_OBJC_IMPLEMENTATIONS = YES;
				CLANG_WARN_DIRECT_OBJC_ISA_USAGE = YES_ERROR;
				CLANG_WARN_DOCUMENTATION_COMMENTS = YES;
				CLANG_WARN_EMPTY_BODY = YES;
				CLANG_WARN_ENUM_CONVERSION = YES;
				CLANG_WARN_INFINITE_RECURSION = YES;
				CLANG_WARN_INT_CONVERSION = YES;
				CLANG_WARN_NON_LITERAL_NULL_CONVERSION = YES;
				CLANG_WARN_OBJC_IMPLICIT_RETAIN_SELF = YES;
				CLANG_WARN_OBJC_LITERAL_CONVERSION = YES;
				CLANG_WARN_OBJC_ROOT_CLASS = YES_ERROR;
				CLANG_WARN_QUOTED_INCLUDE_IN_FRAMEWORK_HEADER = YES;
				CLANG_WARN_RANGE_LOOP_ANALYSIS = YES;
				CLANG_WARN_STRICT_PROTOTYPES = YES;
				CLANG_WARN_SUSPICIOUS_MOVE = YES;
				CLANG_WARN_UNGUARDED_AVAILABILITY = YES_AGGRESSIVE;
				CLANG_WARN_UNREACHABLE_CODE = YES;
				CLANG_WARN__DUPLICATE_METHOD_MATCH = YES;
				COPY_PHASE_STRIP = NO;
				DEBUG_INFORMATION_FORMAT = dwarf;
				ENABLE_STRICT_OBJC_MSGSEND = YES;
				ENABLE_TESTABILITY = YES;
				ENABLE_USER_SCRIPT_SANDBOXING = YES;
				GCC_C_LANGUAGE_STANDARD = gnu17;
				GCC_DYNAMIC_NO_PIC = NO;
				GCC_NO_COMMON_BLOCKS = YES;
				GCC_OPTIMIZATION_LEVEL = 0;
				GCC_PREPROCESSOR_DEFINITIONS = (
					"DEBUG=1",
					"$(inherited)",
				);
				GCC_WARN_64_TO_32_BIT_CONVERSION = YES;
				GCC_WARN_ABOUT_RETURN_TYPE = YES_ERROR;
				GCC_WARN_UNDECLARED_SELECTOR = YES;
				GCC_WARN_UNINITIALIZED_AUTOS = YES_AGGRESSIVE;
				GCC_WARN_UNUSED_FUNCTION = YES;
				GCC_WARN_UNUSED_VARIABLE = YES;
				IPHONEOS_DEPLOYMENT_TARGET = 17.2;
				LOCALIZATION_PREFERS_STRING_CATALOGS = YES;
				MTL_ENABLE_DEBUG_INFO = INCLUDE_SOURCE;
				MTL_FAST_MATH = YES;
				ONLY_ACTIVE_ARCH = YES;
				SDKROOT = iphoneos;
				SWIFT_ACTIVE_COMPILATION_CONDITIONS = "DEBUG $(inherited)";
				SWIFT_OPTIMIZATION_LEVEL = "-Onone";
			};
			name = Debug;
		};
		36093B5B2B4C674E00D88182 /* Release */ = {
			isa = XCBuildConfiguration;
			buildSettings = {
				ALWAYS_SEARCH_USER_PATHS = NO;
				ASSETCATALOG_COMPILER_GENERATE_SWIFT_ASSET_SYMBOL_EXTENSIONS = YES;
				CLANG_ANALYZER_NONNULL = YES;
				CLANG_ANALYZER_NUMBER_OBJECT_CONVERSION = YES_AGGRESSIVE;
				CLANG_CXX_LANGUAGE_STANDARD = "gnu++20";
				CLANG_ENABLE_MODULES = YES;
				CLANG_ENABLE_OBJC_ARC = YES;
				CLANG_ENABLE_OBJC_WEAK = YES;
				CLANG_WARN_BLOCK_CAPTURE_AUTORELEASING = YES;
				CLANG_WARN_BOOL_CONVERSION = YES;
				CLANG_WARN_COMMA = YES;
				CLANG_WARN_CONSTANT_CONVERSION = YES;
				CLANG_WARN_DEPRECATED_OBJC_IMPLEMENTATIONS = YES;
				CLANG_WARN_DIRECT_OBJC_ISA_USAGE = YES_ERROR;
				CLANG_WARN_DOCUMENTATION_COMMENTS = YES;
				CLANG_WARN_EMPTY_BODY = YES;
				CLANG_WARN_ENUM_CONVERSION = YES;
				CLANG_WARN_INFINITE_RECURSION = YES;
				CLANG_WARN_INT_CONVERSION = YES;
				CLANG_WARN_NON_LITERAL_NULL_CONVERSION = YES;
				CLANG_WARN_OBJC_IMPLICIT_RETAIN_SELF = YES;
				CLANG_WARN_OBJC_LITERAL_CONVERSION = YES;
				CLANG_WARN_OBJC_ROOT_CLASS = YES_ERROR;
				CLANG_WARN_QUOTED_INCLUDE_IN_FRAMEWORK_HEADER = YES;
				CLANG_WARN_RANGE_LOOP_ANALYSIS = YES;
				CLANG_WARN_STRICT_PROTOTYPES = YES;
				CLANG_WARN_SUSPICIOUS_MOVE = YES;
				CLANG_WARN_UNGUARDED_AVAILABILITY = YES_AGGRESSIVE;
				CLANG_WARN_UNREACHABLE_CODE = YES;
				CLANG_WARN__DUPLICATE_METHOD_MATCH = YES;
				COPY_PHASE_STRIP = NO;
				DEBUG_INFORMATION_FORMAT = "dwarf-with-dsym";
				ENABLE_NS_ASSERTIONS = NO;
				ENABLE_STRICT_OBJC_MSGSEND = YES;
				ENABLE_USER_SCRIPT_SANDBOXING = YES;
				GCC_C_LANGUAGE_STANDARD = gnu17;
				GCC_NO_COMMON_BLOCKS = YES;
				GCC_WARN_64_TO_32_BIT_CONVERSION = YES;
				GCC_WARN_ABOUT_RETURN_TYPE = YES_ERROR;
				GCC_WARN_UNDECLARED_SELECTOR = YES;
				GCC_WARN_UNINITIALIZED_AUTOS = YES_AGGRESSIVE;
				GCC_WARN_UNUSED_FUNCTION = YES;
				GCC_WARN_UNUSED_VARIABLE = YES;
				IPHONEOS_DEPLOYMENT_TARGET = 17.2;
				LOCALIZATION_PREFERS_STRING_CATALOGS = YES;
				MTL_ENABLE_DEBUG_INFO = NO;
				MTL_FAST_MATH = YES;
				SDKROOT = iphoneos;
				SWIFT_COMPILATION_MODE = wholemodule;
				VALIDATE_PRODUCT = YES;
			};
			name = Release;
		};
		36093B5D2B4C674E00D88182 /* Debug */ = {
			isa = XCBuildConfiguration;
			buildSettings = {
				ASSETCATALOG_COMPILER_APPICON_NAME = AppIcon;
				ASSETCATALOG_COMPILER_GLOBAL_ACCENT_COLOR_NAME = AccentColor;
				CODE_SIGN_STYLE = Automatic;
				CURRENT_PROJECT_VERSION = 1;
				DEVELOPMENT_ASSET_PATHS = "\"Mozi/Preview Content\"";
				DEVELOPMENT_TEAM = 9P64YE968V;
				ENABLE_PREVIEWS = YES;
				GENERATE_INFOPLIST_FILE = YES;
				INFOPLIST_KEY_UIApplicationSceneManifest_Generation = YES;
				INFOPLIST_KEY_UIApplicationSupportsIndirectInputEvents = YES;
				INFOPLIST_KEY_UILaunchScreen_Generation = YES;
				INFOPLIST_KEY_UISupportedInterfaceOrientations_iPad = "UIInterfaceOrientationPortrait UIInterfaceOrientationPortraitUpsideDown UIInterfaceOrientationLandscapeLeft UIInterfaceOrientationLandscapeRight";
				INFOPLIST_KEY_UISupportedInterfaceOrientations_iPhone = "UIInterfaceOrientationPortrait UIInterfaceOrientationLandscapeLeft UIInterfaceOrientationLandscapeRight";
				LD_RUNPATH_SEARCH_PATHS = (
					"$(inherited)",
					"@executable_path/Frameworks",
				);
				MARKETING_VERSION = 1.0;
				PRODUCT_BUNDLE_IDENTIFIER = com.felipemr.Mozi;
				PRODUCT_NAME = "$(TARGET_NAME)";
				SWIFT_EMIT_LOC_STRINGS = YES;
				SWIFT_VERSION = 5.0;
				TARGETED_DEVICE_FAMILY = "1,2";
			};
			name = Debug;
		};
		36093B5E2B4C674E00D88182 /* Release */ = {
			isa = XCBuildConfiguration;
			buildSettings = {
				ASSETCATALOG_COMPILER_APPICON_NAME = AppIcon;
				ASSETCATALOG_COMPILER_GLOBAL_ACCENT_COLOR_NAME = AccentColor;
				CODE_SIGN_STYLE = Automatic;
				CURRENT_PROJECT_VERSION = 1;
				DEVELOPMENT_ASSET_PATHS = "\"Mozi/Preview Content\"";
				DEVELOPMENT_TEAM = 9P64YE968V;
				ENABLE_PREVIEWS = YES;
				GENERATE_INFOPLIST_FILE = YES;
				INFOPLIST_KEY_UIApplicationSceneManifest_Generation = YES;
				INFOPLIST_KEY_UIApplicationSupportsIndirectInputEvents = YES;
				INFOPLIST_KEY_UILaunchScreen_Generation = YES;
				INFOPLIST_KEY_UISupportedInterfaceOrientations_iPad = "UIInterfaceOrientationPortrait UIInterfaceOrientationPortraitUpsideDown UIInterfaceOrientationLandscapeLeft UIInterfaceOrientationLandscapeRight";
				INFOPLIST_KEY_UISupportedInterfaceOrientations_iPhone = "UIInterfaceOrientationPortrait UIInterfaceOrientationLandscapeLeft UIInterfaceOrientationLandscapeRight";
				LD_RUNPATH_SEARCH_PATHS = (
					"$(inherited)",
					"@executable_path/Frameworks",
				);
				MARKETING_VERSION = 1.0;
				PRODUCT_BUNDLE_IDENTIFIER = com.felipemr.Mozi;
				PRODUCT_NAME = "$(TARGET_NAME)";
				SWIFT_EMIT_LOC_STRINGS = YES;
				SWIFT_VERSION = 5.0;
				TARGETED_DEVICE_FAMILY = "1,2";
			};
			name = Release;
		};
		36093B602B4C674E00D88182 /* Debug */ = {
			isa = XCBuildConfiguration;
			buildSettings = {
				ALWAYS_EMBED_SWIFT_STANDARD_LIBRARIES = YES;
				BUNDLE_LOADER = "$(TEST_HOST)";
				CODE_SIGN_STYLE = Automatic;
				CURRENT_PROJECT_VERSION = 1;
				DEVELOPMENT_TEAM = 9P64YE968V;
				GENERATE_INFOPLIST_FILE = YES;
				IPHONEOS_DEPLOYMENT_TARGET = 17.2;
				MARKETING_VERSION = 1.0;
				PRODUCT_BUNDLE_IDENTIFIER = com.felipemr.MoziTests;
				PRODUCT_NAME = "$(TARGET_NAME)";
				SWIFT_EMIT_LOC_STRINGS = NO;
				SWIFT_VERSION = 5.0;
				TARGETED_DEVICE_FAMILY = "1,2";
				TEST_HOST = "$(BUILT_PRODUCTS_DIR)/Mozi.app/$(BUNDLE_EXECUTABLE_FOLDER_PATH)/Mozi";
			};
			name = Debug;
		};
		36093B612B4C674E00D88182 /* Release */ = {
			isa = XCBuildConfiguration;
			buildSettings = {
				ALWAYS_EMBED_SWIFT_STANDARD_LIBRARIES = YES;
				BUNDLE_LOADER = "$(TEST_HOST)";
				CODE_SIGN_STYLE = Automatic;
				CURRENT_PROJECT_VERSION = 1;
				DEVELOPMENT_TEAM = 9P64YE968V;
				GENERATE_INFOPLIST_FILE = YES;
				IPHONEOS_DEPLOYMENT_TARGET = 17.2;
				MARKETING_VERSION = 1.0;
				PRODUCT_BUNDLE_IDENTIFIER = com.felipemr.MoziTests;
				PRODUCT_NAME = "$(TARGET_NAME)";
				SWIFT_EMIT_LOC_STRINGS = NO;
				SWIFT_VERSION = 5.0;
				TARGETED_DEVICE_FAMILY = "1,2";
				TEST_HOST = "$(BUILT_PRODUCTS_DIR)/Mozi.app/$(BUNDLE_EXECUTABLE_FOLDER_PATH)/Mozi";
			};
			name = Release;
		};
		36093B632B4C674E00D88182 /* Debug */ = {
			isa = XCBuildConfiguration;
			buildSettings = {
				ALWAYS_EMBED_SWIFT_STANDARD_LIBRARIES = YES;
				CODE_SIGN_STYLE = Automatic;
				CURRENT_PROJECT_VERSION = 1;
				DEVELOPMENT_TEAM = 9P64YE968V;
				GENERATE_INFOPLIST_FILE = YES;
				MARKETING_VERSION = 1.0;
				PRODUCT_BUNDLE_IDENTIFIER = com.felipemr.MoziUITests;
				PRODUCT_NAME = "$(TARGET_NAME)";
				SWIFT_EMIT_LOC_STRINGS = NO;
				SWIFT_VERSION = 5.0;
				TARGETED_DEVICE_FAMILY = "1,2";
				TEST_TARGET_NAME = Mozi;
			};
			name = Debug;
		};
		36093B642B4C674E00D88182 /* Release */ = {
			isa = XCBuildConfiguration;
			buildSettings = {
				ALWAYS_EMBED_SWIFT_STANDARD_LIBRARIES = YES;
				CODE_SIGN_STYLE = Automatic;
				CURRENT_PROJECT_VERSION = 1;
				DEVELOPMENT_TEAM = 9P64YE968V;
				GENERATE_INFOPLIST_FILE = YES;
				MARKETING_VERSION = 1.0;
				PRODUCT_BUNDLE_IDENTIFIER = com.felipemr.MoziUITests;
				PRODUCT_NAME = "$(TARGET_NAME)";
				SWIFT_EMIT_LOC_STRINGS = NO;
				SWIFT_VERSION = 5.0;
				TARGETED_DEVICE_FAMILY = "1,2";
				TEST_TARGET_NAME = Mozi;
			};
			name = Release;
		};
/* End XCBuildConfiguration section */

/* Begin XCConfigurationList section */
		36093B332B4C674D00D88182 /* Build configuration list for PBXProject "Mozi" */ = {
			isa = XCConfigurationList;
			buildConfigurations = (
				36093B5A2B4C674E00D88182 /* Debug */,
				36093B5B2B4C674E00D88182 /* Release */,
			);
			defaultConfigurationIsVisible = 0;
			defaultConfigurationName = Release;
		};
		36093B5C2B4C674E00D88182 /* Build configuration list for PBXNativeTarget "Mozi" */ = {
			isa = XCConfigurationList;
			buildConfigurations = (
				36093B5D2B4C674E00D88182 /* Debug */,
				36093B5E2B4C674E00D88182 /* Release */,
			);
			defaultConfigurationIsVisible = 0;
			defaultConfigurationName = Release;
		};
		36093B5F2B4C674E00D88182 /* Build configuration list for PBXNativeTarget "MoziTests" */ = {
			isa = XCConfigurationList;
			buildConfigurations = (
				36093B602B4C674E00D88182 /* Debug */,
				36093B612B4C674E00D88182 /* Release */,
			);
			defaultConfigurationIsVisible = 0;
			defaultConfigurationName = Release;
		};
		36093B622B4C674E00D88182 /* Build configuration list for PBXNativeTarget "MoziUITests" */ = {
			isa = XCConfigurationList;
			buildConfigurations = (
				36093B632B4C674E00D88182 /* Debug */,
				36093B642B4C674E00D88182 /* Release */,
			);
			defaultConfigurationIsVisible = 0;
			defaultConfigurationName = Release;
		};
/* End XCConfigurationList section */
	};
	rootObject = 36093B302B4C674D00D88182 /* Project object */;
}
